
Microsoft Visual Studio Solution File, Format Version 12.00
# Visual Studio Version 17
VisualStudioVersion = 17.8.34525.116
MinimumVisualStudioVersion = 10.0.40219.1
Project("{9A19103F-16F7-4668-BE54-9A1E7A4F7556}") = "RestoProject", "RestoProject\RestoProject.csproj", "{684E98CC-8904-4D41-9BCA-800DFDF63B25}"
	ProjectSection(ProjectDependencies) = postProject
		{89D025B8-00AB-4C0E-A15F-9978E8CE9472} = {89D025B8-00AB-4C0E-A15F-9978E8CE9472}
	EndProjectSection
EndProject
Project("{9A19103F-16F7-4668-BE54-9A1E7A4F7556}") = "RestoProject.Client", "RestoProject.Client\RestoProject.Client.csproj", "{72DF2CB5-A82F-48C2-8CD2-CB294D252ED1}"
EndProject
Project("{9A19103F-16F7-4668-BE54-9A1E7A4F7556}") = "RestoProject.Shared", "RestoProject.Shared\RestoProject.Shared.csproj", "{89D025B8-00AB-4C0E-A15F-9978E8CE9472}"
EndProject
Global
	GlobalSection(SolutionConfigurationPlatforms) = preSolution
		Debug|Any CPU = Debug|Any CPU
		Release|Any CPU = Release|Any CPU
	EndGlobalSection
	GlobalSection(ProjectConfigurationPlatforms) = postSolution
		{684E98CC-8904-4D41-9BCA-800DFDF63B25}.Debug|Any CPU.ActiveCfg = Debug|Any CPU
		{684E98CC-8904-4D41-9BCA-800DFDF63B25}.Debug|Any CPU.Build.0 = Debug|Any CPU
		{684E98CC-8904-4D41-9BCA-800DFDF63B25}.Release|Any CPU.ActiveCfg = Release|Any CPU
		{684E98CC-8904-4D41-9BCA-800DFDF63B25}.Release|Any CPU.Build.0 = Release|Any CPU
		{72DF2CB5-A82F-48C2-8CD2-CB294D252ED1}.Debug|Any CPU.ActiveCfg = Debug|Any CPU
		{72DF2CB5-A82F-48C2-8CD2-CB294D252ED1}.Debug|Any CPU.Build.0 = Debug|Any CPU
		{72DF2CB5-A82F-48C2-8CD2-CB294D252ED1}.Release|Any CPU.ActiveCfg = Release|Any CPU
		{72DF2CB5-A82F-48C2-8CD2-CB294D252ED1}.Release|Any CPU.Build.0 = Release|Any CPU
		{89D025B8-00AB-4C0E-A15F-9978E8CE9472}.Debug|Any CPU.ActiveCfg = Debug|Any CPU
		{89D025B8-00AB-4C0E-A15F-9978E8CE9472}.Debug|Any CPU.Build.0 = Debug|Any CPU
		{89D025B8-00AB-4C0E-A15F-9978E8CE9472}.Release|Any CPU.ActiveCfg = Release|Any CPU
		{89D025B8-00AB-4C0E-A15F-9978E8CE9472}.Release|Any CPU.Build.0 = Release|Any CPU
	EndGlobalSection
	GlobalSection(SolutionProperties) = preSolution
		HideSolutionNode = FALSE
	EndGlobalSection
	GlobalSection(ExtensibilityGlobals) = postSolution
		SolutionGuid = {DF31F977-53CB-4DC9-A900-05935FF61F5C}
	EndGlobalSection
EndGlobal
